
Microsoft Visual Studio Solution File, Format Version 12.00
# Visual Studio Version 16
VisualStudioVersion = 16.0.30804.86
MinimumVisualStudioVersion = 10.0.40219.1
Project("{FAE04EC0-301F-11D3-BF4B-00C04F79EFBC}") = "waitlinetest_frontandqueue", "waitlinetest_frontandqueue\waitlinetest_frontandqueue.csproj", "{118B5F87-8F69-44C8-B9CE-58AA7130A333}"
EndProject
Global
	GlobalSection(SolutionConfigurationPlatforms) = preSolution
		Debug|Any CPU = Debug|Any CPU
		Release|Any CPU = Release|Any CPU
	EndGlobalSection
	GlobalSection(ProjectConfigurationPlatforms) = postSolution
		{118B5F87-8F69-44C8-B9CE-58AA7130A333}.Debug|Any CPU.ActiveCfg = Debug|Any CPU
		{118B5F87-8F69-44C8-B9CE-58AA7130A333}.Debug|Any CPU.Build.0 = Debug|Any CPU
		{118B5F87-8F69-44C8-B9CE-58AA7130A333}.Release|Any CPU.ActiveCfg = Release|Any CPU
		{118B5F87-8F69-44C8-B9CE-58AA7130A333}.Release|Any CPU.Build.0 = Release|Any CPU
	EndGlobalSection
	GlobalSection(SolutionProperties) = preSolution
		HideSolutionNode = FALSE
	EndGlobalSection
	GlobalSection(ExtensibilityGlobals) = postSolution
		SolutionGuid = {2D42FB32-E3F0-4FC6-8495-41FAF75AFDDF}
	EndGlobalSection
EndGlobal
